{
  "requires": true,
  "lockfileVersion": 1,
  "dependencies": {
    "balanced-match": {
      "version": "file:https:/registry.npmmirror.com/balanced-match/download/balanced-match-1.0.2.tgz"
    },
    "boolbase": {
      "version": "1.0.0",
      "resolved": "https://registry.npm.taobao.org/boolbase/download/boolbase-1.0.0.tgz",
      "integrity": "sha1-aN/1++YMUes3cl6p4+0xDcwed24="
    },
    "brace-expansion": {
      "version": "file:https:/registry.npmmirror.com/brace-expansion/download/brace-expansion-1.1.11.tgz",
      "requires": {
        "balanced-match": "^1.0.0",
        "concat-map": "0.0.1"
      },
      "dependencies": {
        "balanced-match": {
          "version": "1.0.2",
          "resolved": "https://registry.npmmirror.com/balanced-match/download/balanced-match-1.0.2.tgz"
        },
        "concat-map": {
          "version": "0.0.1",
          "resolved": "https://registry.npmmirror.com/concat-map/download/concat-map-0.0.1.tgz"
        }
      }
    },
    "cheerio": {
      "version": "0.22.0",
      "resolved": "https://registry.npmmirror.com/cheerio/download/cheerio-0.22.0.tgz",
      "integrity": "sha1-qbqoYKP5tZWmuBsahocxIe06Jp4=",
      "requires": {
        "css-select": "~1.2.0",
        "dom-serializer": "~0.1.0",
        "entities": "~1.1.1",
        "htmlparser2": "^3.9.1",
        "lodash.assignin": "^4.0.9",
        "lodash.bind": "^4.1.4",
        "lodash.defaults": "^4.0.1",
        "lodash.filter": "^4.4.0",
        "lodash.flatten": "^4.2.0",
        "lodash.foreach": "^4.3.0",
        "lodash.map": "^4.4.0",
        "lodash.merge": "^4.4.0",
        "lodash.pick": "^4.2.1",
        "lodash.reduce": "^4.4.0",
        "lodash.reject": "^4.4.0",
        "lodash.some": "^4.4.0"
      }
    },
    "concat-map": {
      "version": "file:https:/registry.npmmirror.com/concat-map/download/concat-map-0.0.1.tgz"
    },
    "css-select": {
      "version": "1.2.0",
      "resolved": "https://registry.npmmirror.com/css-select/download/css-select-1.2.0.tgz",
      "integrity": "sha1-KzoRBTnFNV8c2NMUYj6HCxIeyFg=",
      "requires": {
        "boolbase": "~1.0.0",
        "css-what": "2.1",
        "domutils": "1.5.1",
        "nth-check": "~1.0.1"
      }
    },
    "css-what": {
      "version": "2.1.3",
      "resolved": "https://registry.npmmirror.com/css-what/download/css-what-2.1.3.tgz",
      "integrity": "sha1-ptdgRXM2X+dGhsPzEcVlE9iChfI="
    },
    "daggy": {
      "version": "file:https:/registry.npmmirror.com/daggy/download/daggy-0.0.1.tgz"
    },
    "dom-serializer": {
      "version": "0.1.1",
      "resolved": "https://registry.npmmirror.com/dom-serializer/download/dom-serializer-0.1.1.tgz",
      "integrity": "sha1-HsQFnihLq+027sKUHUqXChic58A=",
      "requires": {
        "domelementtype": "^1.3.0",
        "entities": "^1.1.1"
      }
    },
    "domelementtype": {
      "version": "1.3.1",
      "resolved": "https://registry.npmmirror.com/domelementtype/download/domelementtype-1.3.1.tgz",
      "integrity": "sha1-0EjESzew0Qp/Kj1f7j9DM9eQSB8="
    },
    "domhandler": {
      "version": "2.4.2",
      "resolved": "https://registry.npmmirror.com/domhandler/download/domhandler-2.4.2.tgz",
      "integrity": "sha1-iAUJfpM9ZehVRvcm1g9euItE+AM=",
      "requires": {
        "domelementtype": "1"
      }
    },
    "domutils": {
      "version": "1.5.1",
      "resolved": "https://registry.nlark.com/domutils/download/domutils-1.5.1.tgz",
      "integrity": "sha1-3NhIiib1Y9YQeeSMn3t+Mjc2gs8=",
      "requires": {
        "dom-serializer": "0",
        "domelementtype": "1"
      }
    },
    "entities": {
      "version": "1.1.2",
      "resolved": "https://registry.nlark.com/entities/download/entities-1.1.2.tgz",
      "integrity": "sha1-vfpzUplmTfr9NFKe1PhSKidf6lY="
    },
    "fantasy-identities": {
      "version": "file:https:/registry.npmmirror.com/fantasy-identities/download/fantasy-identities-0.0.1.tgz",
      "requires": {
        "daggy": "0.0.1"
      },
      "dependencies": {
        "daggy": {
          "version": "0.0.1",
          "resolved": "https://registry.npmmirror.com/daggy/download/daggy-0.0.1.tgz"
        }
      }
    },
    "folktale": {
      "version": "file:https:/registry.npmmirror.com/folktale/download/folktale-2.3.2.tgz"
    },
    "fs.realpath": {
      "version": "file:https:/registry.npmmirror.com/fs.realpath/download/fs.realpath-1.0.0.tgz"
    },
    "gitbook-plugin-auto-summary": {
      "version": "file:https:/registry.npmmirror.com/gitbook-plugin-auto-summary/download/gitbook-plugin-auto-summary-0.0.2.tgz",
      "requires": {
        "glob": "7.1.x",
        "lodash": "4.17.x",
        "marked": "0.3.x"
      },
      "dependencies": {
        "glob": {
          "version": "7.1.7",
          "resolved": "https://registry.npmmirror.com/glob/download/glob-7.1.7.tgz",
          "requires": {
            "fs.realpath": "^1.0.0",
            "inflight": "^1.0.4",
            "inherits": "2",
            "minimatch": "^3.0.4",
            "once": "^1.3.0",
            "path-is-absolute": "^1.0.0"
          },
          "dependencies": {
            "fs.realpath": {
              "version": "1.0.0",
              "resolved": "https://registry.npmmirror.com/fs.realpath/download/fs.realpath-1.0.0.tgz"
            },
            "inflight": {
              "version": "1.0.6",
              "resolved": "https://registry.npmmirror.com/inflight/download/inflight-1.0.6.tgz",
              "requires": {
                "once": "^1.3.0",
                "wrappy": "1"
              },
              "dependencies": {
                "once": {
                  "version": "1.4.0",
                  "resolved": "https://registry.npmmirror.com/once/download/once-1.4.0.tgz",
                  "requires": {
                    "wrappy": "1"
                  },
                  "dependencies": {
                    "wrappy": {
                      "version": "1.0.2",
                      "resolved": "https://registry.npmmirror.com/wrappy/download/wrappy-1.0.2.tgz"
                    }
                  }
                },
                "wrappy": {
                  "version": "1.0.2",
                  "resolved": "https://registry.npmmirror.com/wrappy/download/wrappy-1.0.2.tgz"
                }
              }
            },
            "inherits": {
              "version": "2.0.4",
              "resolved": "https://registry.npmmirror.com/inherits/download/inherits-2.0.4.tgz"
            },
            "minimatch": {
              "version": "3.0.4",
              "resolved": "https://registry.npmmirror.com/minimatch/download/minimatch-3.0.4.tgz",
              "requires": {
                "brace-expansion": "^1.1.7"
              },
              "dependencies": {
                "brace-expansion": {
                  "version": "1.1.11",
                  "resolved": "https://registry.npmmirror.com/brace-expansion/download/brace-expansion-1.1.11.tgz",
                  "requires": {
                    "balanced-match": "^1.0.0",
                    "concat-map": "0.0.1"
                  },
                  "dependencies": {
                    "balanced-match": {
                      "version": "1.0.2",
                      "resolved": "https://registry.npmmirror.com/balanced-match/download/balanced-match-1.0.2.tgz"
                    },
                    "concat-map": {
                      "version": "0.0.1",
                      "resolved": "https://registry.npmmirror.com/concat-map/download/concat-map-0.0.1.tgz"
                    }
                  }
                }
              }
            },
            "once": {
              "version": "1.4.0",
              "resolved": "https://registry.npmmirror.com/once/download/once-1.4.0.tgz",
              "requires": {
                "wrappy": "1"
              },
              "dependencies": {
                "wrappy": {
                  "version": "1.0.2",
                  "resolved": "https://registry.npmmirror.com/wrappy/download/wrappy-1.0.2.tgz"
                }
              }
            },
            "path-is-absolute": {
              "version": "1.0.1",
              "resolved": "https://registry.npmmirror.com/path-is-absolute/download/path-is-absolute-1.0.1.tgz"
            }
          }
        },
        "lodash": {
          "version": "4.17.21",
          "resolved": "https://registry.npmmirror.com/lodash/download/lodash-4.17.21.tgz"
        },
        "marked": {
          "version": "0.3.19",
          "resolved": "https://registry.npmmirror.com/marked/download/marked-0.3.19.tgz"
        }
      }
    },
    "gitbook-plugin-back-to-top-button": {
      "version": "0.1.0",
      "resolved": "https://registry.npm.taobao.org/gitbook-plugin-back-to-top-button/download/gitbook-plugin-back-to-top-button-0.1.0.tgz",
      "integrity": "sha1-t0mG0XT/c+JN/MCBkkcNtuxotKs="
    },
    "gitbook-plugin-chapter-fold": {
      "version": "0.0.4",
      "resolved": "https://registry.npm.taobao.org/gitbook-plugin-chapter-fold/download/gitbook-plugin-chapter-fold-0.0.4.tgz",
      "integrity": "sha1-3NWiH4C8vJjAiEGXdMOXrm1EY+8="
    },
    "gitbook-plugin-code": {
      "version": "0.1.0",
      "resolved": "https://registry.nlark.com/gitbook-plugin-code/download/gitbook-plugin-code-0.1.0.tgz",
      "integrity": "sha1-gRqWALrvdViuGTzufVgQABZn6Xs="
    },
    "gitbook-plugin-custom-favicon": {
      "version": "0.0.4",
      "resolved": "https://registry.npm.taobao.org/gitbook-plugin-custom-favicon/download/gitbook-plugin-custom-favicon-0.0.4.tgz",
      "integrity": "sha1-y3NynUdYy3xsVk6O+wNdH24Irs8="
    },
    "gitbook-plugin-expandable-chapters": {
      "version": "0.2.0",
      "resolved": "https://registry.npmmirror.com/gitbook-plugin-expandable-chapters/download/gitbook-plugin-expandable-chapters-0.2.0.tgz",
      "integrity": "sha1-RdcIeuaQekH0gSjFT+ViJKnBraI="
    },
    "gitbook-plugin-github": {
      "version": "file:https:/registry.npmmirror.com/gitbook-plugin-github/download/gitbook-plugin-github-3.0.0.tgz"
    },
    "gitbook-plugin-insert-logo": {
      "version": "0.1.5",
      "resolved": "https://registry.npm.taobao.org/gitbook-plugin-insert-logo/download/gitbook-plugin-insert-logo-0.1.5.tgz",
      "integrity": "sha1-2q6N2kGiNtVPE5MeVwsmcpVXiFo="
    },
    "gitbook-plugin-livereload": {
      "version": "file:https:/registry.npmmirror.com/gitbook-plugin-livereload/download/gitbook-plugin-livereload-0.0.1.tgz"
    },
    "gitbook-plugin-popup": {
      "version": "0.0.1",
      "resolved": "https://registry.npm.taobao.org/gitbook-plugin-popup/download/gitbook-plugin-popup-0.0.1.tgz",
      "integrity": "sha1-6iOOXiSMNc9Lc9KH3fVw8J3/Yzw="
    },
    "gitbook-plugin-prism": {
      "version": "2.4.0",
      "resolved": "https://registry.nlark.com/gitbook-plugin-prism/download/gitbook-plugin-prism-2.4.0.tgz",
      "integrity": "sha1-QSjiy/pMjEYQ6O0zAFbCScXOsuk=",
      "requires": {
        "cheerio": "0.22.0",
        "mkdirp": "0.5.1",
        "prismjs": "^1.15.0"
      }
    },
    "gitbook-plugin-prism-themes": {
      "version": "0.0.2",
      "resolved": "https://registry.nlark.com/gitbook-plugin-prism-themes/download/gitbook-plugin-prism-themes-0.0.2.tgz",
      "integrity": "sha1-/wUs4wfss3G4/3dizGoCZXWlSko=",
      "requires": {
        "prism-themes": "^1.0.0"
      }
    },
    "gitbook-plugin-search-pro": {
      "version": "2.0.2",
      "resolved": "https://registry.npm.taobao.org/gitbook-plugin-search-pro/download/gitbook-plugin-search-pro-2.0.2.tgz",
      "integrity": "sha1-fOduj2XCBESJucaSc2sj+B/mofI=",
      "requires": {
        "html-entities": "1.2.0"
      }
    },
    "gitbook-plugin-splitter": {
      "version": "0.0.8",
      "resolved": "https://registry.npm.taobao.org/gitbook-plugin-splitter/download/gitbook-plugin-splitter-0.0.8.tgz",
      "integrity": "sha1-8rBRMGD8kma0awQYLk7KHUtx+vw="
    },
    "gitbook-plugin-summary": {
      "version": "1.1.0",
      "resolved": "https://registry.npmmirror.com/gitbook-plugin-summary/download/gitbook-plugin-summary-1.1.0.tgz",
      "integrity": "sha1-weQsiFydpLcyDF6j7UYh3ceW9K0=",
      "requires": {
        "fantasy-identities": "0.0.1",
        "folktale": "^2.3.2",
        "glob": "^7.1.6",
        "immutable": "^3.8.2",
        "immutable-ext": "^1.1.5",
        "markdown-parser": "0.0.8"
      }
    },
    "gitbook-plugin-tbfed-pagefooter": {
      "version": "0.0.1",
      "resolved": "https://registry.npm.taobao.org/gitbook-plugin-tbfed-pagefooter/download/gitbook-plugin-tbfed-pagefooter-0.0.1.tgz",
      "integrity": "sha1-Fu54QGLdhQQmTEd+h2X8ScQb7T0=",
      "requires": {
        "moment": "^2.10.6"
      }
    },
    "gitbook-plugin-theme-comscore": {
      "version": "0.0.3",
      "resolved": "https://registry.npm.taobao.org/gitbook-plugin-theme-comscore/download/gitbook-plugin-theme-comscore-0.0.3.tgz",
      "integrity": "sha1-miVPpKNxNSkgleQ0TyWSErV4H+0="
    },
    "glob": {
      "version": "file:https:/registry.npmmirror.com/glob/download/glob-7.1.7.tgz",
      "requires": {
        "fs.realpath": "^1.0.0",
        "inflight": "^1.0.4",
        "inherits": "2",
        "minimatch": "^3.0.4",
        "once": "^1.3.0",
        "path-is-absolute": "^1.0.0"
      },
      "dependencies": {
        "fs.realpath": {
          "version": "1.0.0",
          "resolved": "https://registry.npmmirror.com/fs.realpath/download/fs.realpath-1.0.0.tgz"
        },
        "inflight": {
          "version": "1.0.6",
          "resolved": "https://registry.npmmirror.com/inflight/download/inflight-1.0.6.tgz",
          "requires": {
            "once": "^1.3.0",
            "wrappy": "1"
          },
          "dependencies": {}
        },
        "inherits": {
          "version": "2.0.4",
          "resolved": "https://registry.npmmirror.com/inherits/download/inherits-2.0.4.tgz"
        },
        "minimatch": {
          "version": "3.0.4",
          "resolved": "https://registry.npmmirror.com/minimatch/download/minimatch-3.0.4.tgz",
          "requires": {
            "brace-expansion": "^1.1.7"
          },
          "dependencies": {}
        },
        "once": {
          "version": "1.4.0",
          "resolved": "https://registry.npmmirror.com/once/download/once-1.4.0.tgz",
          "requires": {
            "wrappy": "1"
          },
          "dependencies": {}
        },
        "path-is-absolute": {
          "version": "1.0.1",
          "resolved": "https://registry.npmmirror.com/path-is-absolute/download/path-is-absolute-1.0.1.tgz"
        }
      }
    },
    "html-entities": {
      "version": "1.2.0",
      "resolved": "https://registry.npmmirror.com/html-entities/download/html-entities-1.2.0.tgz",
      "integrity": "sha1-QZSMr4XOgv7Tbk5qDtNxpmZDeeI="
    },
    "htmlparser2": {
      "version": "3.10.1",
      "resolved": "https://registry.npmmirror.com/htmlparser2/download/htmlparser2-3.10.1.tgz",
      "integrity": "sha1-vWedw/WYl7ajS7EHSchVu1OpOS8=",
      "requires": {
        "domelementtype": "^1.3.1",
        "domhandler": "^2.3.0",
        "domutils": "^1.5.1",
        "entities": "^1.1.1",
        "inherits": "^2.0.1",
        "readable-stream": "^3.1.1"
      }
    },
    "immutable": {
      "version": "file:https:/registry.npmmirror.com/immutable/download/immutable-3.8.2.tgz"
    },
    "immutable-ext": {
      "version": "file:https:/registry.npmmirror.com/immutable-ext/download/immutable-ext-1.1.5.tgz"
    },
    "inflight": {
      "version": "file:https:/registry.npmmirror.com/inflight/download/inflight-1.0.6.tgz",
      "requires": {
        "once": "^1.3.0",
        "wrappy": "1"
      },
      "dependencies": {
        "once": {
          "version": "1.4.0",
          "resolved": "https://registry.npmmirror.com/once/download/once-1.4.0.tgz",
          "requires": {
            "wrappy": "1"
          },
          "dependencies": {}
        },
        "wrappy": {
          "version": "1.0.2",
          "resolved": "https://registry.npmmirror.com/wrappy/download/wrappy-1.0.2.tgz"
        }
      }
    },
    "inherits": {
      "version": "2.0.4",
      "resolved": "https://registry.npmmirror.com/inherits/download/inherits-2.0.4.tgz",
      "integrity": "sha1-D6LGT5MpF8NDOg3tVTY6rjdBa3w="
    },
    "lodash": {
      "version": "file:https:/registry.npmmirror.com/lodash/download/lodash-4.17.21.tgz"
    },
    "lodash.assignin": {
      "version": "4.2.0",
      "resolved": "https://registry.nlark.com/lodash.assignin/download/lodash.assignin-4.2.0.tgz",
      "integrity": "sha1-uo31+4QesKPoBEIysOJjqNxqKKI="
    },
    "lodash.bind": {
      "version": "4.2.1",
      "resolved": "https://registry.npmmirror.com/lodash.bind/download/lodash.bind-4.2.1.tgz",
      "integrity": "sha1-euMBfpOWIqwxt9fX3LGzTbFpDTU="
    },
    "lodash.defaults": {
      "version": "4.2.0",
      "resolved": "https://registry.nlark.com/lodash.defaults/download/lodash.defaults-4.2.0.tgz",
      "integrity": "sha1-0JF4cW/+pN3p5ft7N/bwgCJ0WAw="
    },
    "lodash.filter": {
      "version": "4.6.0",
      "resolved": "https://registry.npm.taobao.org/lodash.filter/download/lodash.filter-4.6.0.tgz",
      "integrity": "sha1-ZosdSYFgOuHMWm+nYBQ+SAtMSs4="
    },
    "lodash.flatten": {
      "version": "4.4.0",
      "resolved": "https://registry.npmmirror.com/lodash.flatten/download/lodash.flatten-4.4.0.tgz",
      "integrity": "sha1-8xwiIlqWMtK7+OSt2+8kCqdlph8="
    },
    "lodash.foreach": {
      "version": "4.5.0",
      "resolved": "https://registry.npmmirror.com/lodash.foreach/download/lodash.foreach-4.5.0.tgz",
      "integrity": "sha1-Gmo16s5AEoDH8G3d7DUWWrJ+PlM="
    },
    "lodash.map": {
      "version": "4.6.0",
      "resolved": "https://registry.npmmirror.com/lodash.map/download/lodash.map-4.6.0.tgz",
      "integrity": "sha1-dx7Hg540c9nEzeKLGTlMNWL09tM="
    },
    "lodash.merge": {
      "version": "4.6.2",
      "resolved": "https://registry.npmmirror.com/lodash.merge/download/lodash.merge-4.6.2.tgz",
      "integrity": "sha1-VYqlO0O2YeGSWgr9+japoQhf5Xo="
    },
    "lodash.pick": {
      "version": "4.4.0",
      "resolved": "https://registry.npmmirror.com/lodash.pick/download/lodash.pick-4.4.0.tgz",
      "integrity": "sha1-UvBWEP/53tQiYRRB7R/BI6AwAbM="
    },
    "lodash.reduce": {
      "version": "4.6.0",
      "resolved": "https://registry.npm.taobao.org/lodash.reduce/download/lodash.reduce-4.6.0.tgz",
      "integrity": "sha1-8atrg5KZrUj3hKu/R2WW8DuRTTs="
    },
    "lodash.reject": {
      "version": "4.6.0",
      "resolved": "https://registry.npm.taobao.org/lodash.reject/download/lodash.reject-4.6.0.tgz",
      "integrity": "sha1-gNZJLcFHCGS79YNTO2UfQqn1JBU="
    },
    "lodash.some": {
      "version": "4.6.0",
      "resolved": "https://registry.nlark.com/lodash.some/download/lodash.some-4.6.0.tgz",
      "integrity": "sha1-G7nzFO9ri63tE7VJFpsqlF62jk0="
    },
    "markdown-parser": {
      "version": "file:https:/registry.npmmirror.com/markdown-parser/download/markdown-parser-0.0.8.tgz"
    },
    "marked": {
      "version": "file:https:/registry.npmmirror.com/marked/download/marked-0.3.19.tgz"
    },
    "minimatch": {
      "version": "file:https:/registry.npmmirror.com/minimatch/download/minimatch-3.0.4.tgz",
      "requires": {
        "brace-expansion": "^1.1.7"
      },
      "dependencies": {
        "brace-expansion": {
          "version": "1.1.11",
          "resolved": "https://registry.npmmirror.com/brace-expansion/download/brace-expansion-1.1.11.tgz",
          "requires": {
            "balanced-match": "^1.0.0",
            "concat-map": "0.0.1"
          },
          "dependencies": {}
        }
      }
    },
    "minimist": {
      "version": "0.0.8",
      "resolved": "https://registry.npmmirror.com/minimist/download/minimist-0.0.8.tgz",
      "integrity": "sha1-hX/Kv8M5fSYluCKCYuhqp6ARsF0="
    },
    "mkdirp": {
      "version": "0.5.1",
      "resolved": "https://registry.npmmirror.com/mkdirp/download/mkdirp-0.5.1.tgz",
      "integrity": "sha1-MAV0OOrGz3+MR2fzhkjWaX11yQM=",
      "requires": {
        "minimist": "0.0.8"
      }
    },
    "moment": {
      "version": "2.29.1",
      "resolved": "https://registry.nlark.com/moment/download/moment-2.29.1.tgz",
      "integrity": "sha1-sr52n6MZQL6e7qZGnAdeNQBvo9M="
    },
    "nth-check": {
      "version": "1.0.2",
      "resolved": "https://registry.npmmirror.com/nth-check/download/nth-check-1.0.2.tgz",
      "integrity": "sha1-sr0pXDfj3VijvwcAN2Zjuk2c8Fw=",
      "requires": {
        "boolbase": "~1.0.0"
      }
    },
    "once": {
      "version": "file:https:/registry.npmmirror.com/once/download/once-1.4.0.tgz",
      "requires": {
        "wrappy": "1"
      },
      "dependencies": {
        "wrappy": {
          "version": "1.0.2",
          "resolved": "https://registry.npmmirror.com/wrappy/download/wrappy-1.0.2.tgz"
        }
      }
    },
    "path-is-absolute": {
      "version": "file:https:/registry.npmmirror.com/path-is-absolute/download/path-is-absolute-1.0.1.tgz"
    },
    "prism-themes": {
      "version": "1.9.0",
      "resolved": "https://registry.npmmirror.com/prism-themes/download/prism-themes-1.9.0.tgz",
      "integrity": "sha1-GcA08yBfHijXXYlyjlTM10X3490="
    },
    "prismjs": {
      "version": "1.25.0",
      "resolved": "https://registry.npmmirror.com/prismjs/download/prismjs-1.25.0.tgz",
      "integrity": "sha1-b4It8b2tllc0sxCzFaIzFc+Zl1Y="
    },
    "readable-stream": {
      "version": "3.6.0",
      "resolved": "https://registry.npmmirror.com/readable-stream/download/readable-stream-3.6.0.tgz",
      "integrity": "sha1-M3u9o63AcGvT4CRCaihtS0sskZg=",
      "requires": {
        "inherits": "^2.0.3",
        "string_decoder": "^1.1.1",
        "util-deprecate": "^1.0.1"
      }
    },
    "safe-buffer": {
      "version": "5.2.1",
      "resolved": "https://registry.npmmirror.com/safe-buffer/download/safe-buffer-5.2.1.tgz",
      "integrity": "sha1-Hq+fqb2x/dTsdfWPnNtOa3gn7sY="
    },
    "string_decoder": {
      "version": "1.3.0",
      "resolved": "https://registry.npmmirror.com/string_decoder/download/string_decoder-1.3.0.tgz",
      "integrity": "sha1-QvEUWUpGzxqOMLCoT1bHjD7awh4=",
      "requires": {
        "safe-buffer": "~5.2.0"
      }
    },
    "util-deprecate": {
      "version": "1.0.2",
      "resolved": "https://registry.npmmirror.com/util-deprecate/download/util-deprecate-1.0.2.tgz",
      "integrity": "sha1-RQ1Nyfpw3nMnYvvS1KKJgUGaDM8="
    },
    "wrappy": {
      "version": "file:https:/registry.npmmirror.com/wrappy/download/wrappy-1.0.2.tgz"
    }
  }
}
